github.com/OliverSchlueter/goutils v0.0.24 h1:PSca6xnk3K1+zy77Iz98Jh4DBJkrO9kzFG7I3kfO1+s=
github.com/OliverSchlueter/goutils v0.0.24/go.mod h1:Kf8k9AaaATGm6D/IVJkIfVZ4sUTXzHfy/cLQdpejFXE=
github.com/sethvargo/go-githubactions v1.3.2 h1:gkibLr/QjosgNWoCf1V58rTMRZw7xZtSB7dY4atbl1Y=
github.com/sethvargo/go-githubactions v1.3.2/go.mod h1:7/4WeHgYfSz9U5vwuToCK9KPnELVHAhGtRwLREOQV80=
